
Microsoft Visual Studio Solution File, Format Version 12.00
# Visual Studio Version 17
VisualStudioVersion = 17.8.34525.116
MinimumVisualStudioVersion = 10.0.40219.1
Project("{8BC9CEB8-8B4A-11D0-8D11-00A0C91BC942}") = "KMP", "KMP\KMP.vcxproj", "{FC600287-6CF8-4782-A107-3432E77BDB6D}"
EndProject
Global
	GlobalSection(SolutionConfigurationPlatforms) = preSolution
		Debug|x64 = Debug|x64
		Debug|x86 = Debug|x86
		Release|x64 = Release|x64
		Release|x86 = Release|x86
	EndGlobalSection
	GlobalSection(ProjectConfigurationPlatforms) = postSolution
		{FC600287-6CF8-4782-A107-3432E77BDB6D}.Debug|x64.ActiveCfg = Debug|x64
		{FC600287-6CF8-4782-A107-3432E77BDB6D}.Debug|x64.Build.0 = Debug|x64
		{FC600287-6CF8-4782-A107-3432E77BDB6D}.Debug|x86.ActiveCfg = Debug|Win32
		{FC600287-6CF8-4782-A107-3432E77BDB6D}.Debug|x86.Build.0 = Debug|Win32
		{FC600287-6CF8-4782-A107-3432E77BDB6D}.Release|x64.ActiveCfg = Release|x64
		{FC600287-6CF8-4782-A107-3432E77BDB6D}.Release|x64.Build.0 = Release|x64
		{FC600287-6CF8-4782-A107-3432E77BDB6D}.Release|x86.ActiveCfg = Release|Win32
		{FC600287-6CF8-4782-A107-3432E77BDB6D}.Release|x86.Build.0 = Release|Win32
	EndGlobalSection
	GlobalSection(SolutionProperties) = preSolution
		HideSolutionNode = FALSE
	EndGlobalSection
	GlobalSection(ExtensibilityGlobals) = postSolution
		SolutionGuid = {8AB796F6-B83A-4E7D-B213-395F29FFAECA}
	EndGlobalSection
EndGlobal
